
Microsoft Visual Studio Solution File, Format Version 12.00
# Visual Studio Version 16
VisualStudioVersion = 16.0.31624.102
MinimumVisualStudioVersion = 10.0.40219.1
Project("{9A19103F-16F7-4668-BE54-9A1E7A4F7556}") = "MediaBazaar", "MediaBazaar.csproj", "{7E0B2721-9FDE-4EDB-A1F6-F3FF5E9CC2D4}"
EndProject
Project("{FAE04EC0-301F-11D3-BF4B-00C04F79EFBC}") = "MediaBazaarModel", "..\MediaBazaarModel\MediaBazaarModel.csproj", "{74CAEF02-6BF2-4BF6-88B6-969BA337E7EE}"
EndProject
Project("{FAE04EC0-301F-11D3-BF4B-00C04F79EFBC}") = "SchedulingWPF", "..\SchedulingWPF\SchedulingWPF.csproj", "{EC3A1A70-1ACF-4883-9C25-7E91DDBA63AD}"
EndProject
Global
	GlobalSection(SolutionConfigurationPlatforms) = preSolution
		Debug|Any CPU = Debug|Any CPU
		Release|Any CPU = Release|Any CPU
	EndGlobalSection
	GlobalSection(ProjectConfigurationPlatforms) = postSolution
		{7E0B2721-9FDE-4EDB-A1F6-F3FF5E9CC2D4}.Debug|Any CPU.ActiveCfg = Debug|Any CPU
		{7E0B2721-9FDE-4EDB-A1F6-F3FF5E9CC2D4}.Debug|Any CPU.Build.0 = Debug|Any CPU
		{7E0B2721-9FDE-4EDB-A1F6-F3FF5E9CC2D4}.Release|Any CPU.ActiveCfg = Release|Any CPU
		{7E0B2721-9FDE-4EDB-A1F6-F3FF5E9CC2D4}.Release|Any CPU.Build.0 = Release|Any CPU
		{74CAEF02-6BF2-4BF6-88B6-969BA337E7EE}.Debug|Any CPU.ActiveCfg = Debug|Any CPU
		{74CAEF02-6BF2-4BF6-88B6-969BA337E7EE}.Debug|Any CPU.Build.0 = Debug|Any CPU
		{74CAEF02-6BF2-4BF6-88B6-969BA337E7EE}.Release|Any CPU.ActiveCfg = Release|Any CPU
		{74CAEF02-6BF2-4BF6-88B6-969BA337E7EE}.Release|Any CPU.Build.0 = Release|Any CPU
		{EC3A1A70-1ACF-4883-9C25-7E91DDBA63AD}.Debug|Any CPU.ActiveCfg = Debug|Any CPU
		{EC3A1A70-1ACF-4883-9C25-7E91DDBA63AD}.Debug|Any CPU.Build.0 = Debug|Any CPU
		{EC3A1A70-1ACF-4883-9C25-7E91DDBA63AD}.Release|Any CPU.ActiveCfg = Release|Any CPU
		{EC3A1A70-1ACF-4883-9C25-7E91DDBA63AD}.Release|Any CPU.Build.0 = Release|Any CPU
	EndGlobalSection
	GlobalSection(SolutionProperties) = preSolution
		HideSolutionNode = FALSE
	EndGlobalSection
	GlobalSection(ExtensibilityGlobals) = postSolution
		SolutionGuid = {67FD654A-EF1F-455B-A6C7-E1BC4042FAD8}
	EndGlobalSection
EndGlobal
