
Microsoft Visual Studio Solution File, Format Version 12.00
# Visual Studio Version 16
VisualStudioVersion = 16.0.29728.190
MinimumVisualStudioVersion = 10.0.40219.1
Project("{FAE04EC0-301F-11D3-BF4B-00C04F79EFBC}") = "carAcceleration", "carAcceleration\carAcceleration.csproj", "{A05C5AE5-604B-4FC1-94E9-A14C6BAE76F8}"
EndProject
Global
	GlobalSection(SolutionConfigurationPlatforms) = preSolution
		Debug|Any CPU = Debug|Any CPU
		Release|Any CPU = Release|Any CPU
	EndGlobalSection
	GlobalSection(ProjectConfigurationPlatforms) = postSolution
		{A05C5AE5-604B-4FC1-94E9-A14C6BAE76F8}.Debug|Any CPU.ActiveCfg = Debug|Any CPU
		{A05C5AE5-604B-4FC1-94E9-A14C6BAE76F8}.Debug|Any CPU.Build.0 = Debug|Any CPU
		{A05C5AE5-604B-4FC1-94E9-A14C6BAE76F8}.Release|Any CPU.ActiveCfg = Release|Any CPU
		{A05C5AE5-604B-4FC1-94E9-A14C6BAE76F8}.Release|Any CPU.Build.0 = Release|Any CPU
	EndGlobalSection
	GlobalSection(SolutionProperties) = preSolution
		HideSolutionNode = FALSE
	EndGlobalSection
	GlobalSection(ExtensibilityGlobals) = postSolution
		SolutionGuid = {F7663C36-C01E-499D-88D5-17733D2A902F}
	EndGlobalSection
EndGlobal
